
Microsoft Visual Studio Solution File, Format Version 12.00
# Visual Studio 2012
Project("{FAE04EC0-301F-11D3-BF4B-00C04F79EFBC}") = "MyFirstProject", "MyFirstProject\MyFirstProject.csproj", "{DFBC2FA5-237D-4D10-96DE-9E123373EC2B}"
EndProject
Global
	GlobalSection(SolutionConfigurationPlatforms) = preSolution
		Debug|x86 = Debug|x86
		Release|x86 = Release|x86
	EndGlobalSection
	GlobalSection(ProjectConfigurationPlatforms) = postSolution
		{DFBC2FA5-237D-4D10-96DE-9E123373EC2B}.Debug|x86.ActiveCfg = Debug|x86
		{DFBC2FA5-237D-4D10-96DE-9E123373EC2B}.Debug|x86.Build.0 = Debug|x86
		{DFBC2FA5-237D-4D10-96DE-9E123373EC2B}.Release|x86.ActiveCfg = Release|x86
		{DFBC2FA5-237D-4D10-96DE-9E123373EC2B}.Release|x86.Build.0 = Release|x86
	EndGlobalSection
EndGlobal
